// !$*UTF8*$!
{
	archiveVersion = 1;
	classes = {
	};
	objectVersion = 46;
	objects = {

/* Begin PBXBuildFile section */
		C53E1290196A2E01002E5A21 /* Activity_Widget@2x.png in Resources */ = {isa = PBXBuildFile; fileRef = C53E1288196A2E01002E5A21 /* Activity_Widget@2x.png */; };
		C53E1291196A2E01002E5A21 /* alert_icon@2x.png in Resources */ = {isa = PBXBuildFile; fileRef = C53E1289196A2E01002E5A21 /* alert_icon@2x.png */; };
		C53E1292196A2E01002E5A21 /* Checklist_Widget@2x.png in Resources */ = {isa = PBXBuildFile; fileRef = C53E128A196A2E01002E5A21 /* Checklist_Widget@2x.png */; };
		C53E1293196A2E01002E5A21 /* cubby_profile@2x.png in Resources */ = {isa = PBXBuildFile; fileRef = C53E128B196A2E01002E5A21 /* cubby_profile@2x.png */; };
		C53E1294196A2E01002E5A21 /* Location_Widget@2x.png in Resources */ = {isa = PBXBuildFile; fileRef = C53E128C196A2E01002E5A21 /* Location_Widget@2x.png */; };
		C53E1295196A2E01002E5A21 /* menu_icon@2x.png in Resources */ = {isa = PBXBuildFile; fileRef = C53E128D196A2E01002E5A21 /* menu_icon@2x.png */; };
		C53E1296196A2E01002E5A21 /* Temp_Widget@2x.png in Resources */ = {isa = PBXBuildFile; fileRef = C53E128E196A2E01002E5A21 /* Temp_Widget@2x.png */; };
		C53E1297196A2E01002E5A21 /* Weather_Widget@2x.png in Resources */ = {isa = PBXBuildFile; fileRef = C53E128F196A2E01002E5A21 /* Weather_Widget@2x.png */; };
		C5656337196A096800F9CBF3 /* Foundation.framework in Frameworks */ = {isa = PBXBuildFile; fileRef = C5656336196A096800F9CBF3 /* Foundation.framework */; };
		C5656339196A096800F9CBF3 /* CoreGraphics.framework in Frameworks */ = {isa = PBXBuildFile; fileRef = C5656338196A096800F9CBF3 /* CoreGraphics.framework */; };
		C565633B196A096800F9CBF3 /* UIKit.framework in Frameworks */ = {isa = PBXBuildFile; fileRef = C565633A196A096800F9CBF3 /* UIKit.framework */; };
		C5656341196A096800F9CBF3 /* InfoPlist.strings in Resources */ = {isa = PBXBuildFile; fileRef = C565633F196A096800F9CBF3 /* InfoPlist.strings */; };
		C5656343196A096800F9CBF3 /* main.m in Sources */ = {isa = PBXBuildFile; fileRef = C5656342196A096800F9CBF3 /* main.m */; };
		C5656347196A096800F9CBF3 /* AppDelegate.m in Sources */ = {isa = PBXBuildFile; fileRef = C5656346196A096800F9CBF3 /* AppDelegate.m */; };
		C565634A196A096800F9CBF3 /* Main.storyboard in Resources */ = {isa = PBXBuildFile; fileRef = C5656348196A096800F9CBF3 /* Main.storyboard */; };
		C565634D196A096800F9CBF3 /* ViewController.m in Sources */ = {isa = PBXBuildFile; fileRef = C565634C196A096800F9CBF3 /* ViewController.m */; };
		C565634F196A096800F9CBF3 /* Images.xcassets in Resources */ = {isa = PBXBuildFile; fileRef = C565634E196A096800F9CBF3 /* Images.xcassets */; };
		C5656356196A096800F9CBF3 /* XCTest.framework in Frameworks */ = {isa = PBXBuildFile; fileRef = C5656355196A096800F9CBF3 /* XCTest.framework */; };
		C5656357196A096800F9CBF3 /* Foundation.framework in Frameworks */ = {isa = PBXBuildFile; fileRef = C5656336196A096800F9CBF3 /* Foundation.framework */; };
		C5656358196A096800F9CBF3 /* UIKit.framework in Frameworks */ = {isa = PBXBuildFile; fileRef = C565633A196A096800F9CBF3 /* UIKit.framework */; };
		C5656360196A096800F9CBF3 /* InfoPlist.strings in Resources */ = {isa = PBXBuildFile; fileRef = C565635E196A096800F9CBF3 /* InfoPlist.strings */; };
		C5656362196A096800F9CBF3 /* Furry_FliersTests.m in Sources */ = {isa = PBXBuildFile; fileRef = C5656361196A096800F9CBF3 /* Furry_FliersTests.m */; };
		C5656370196A1F6000F9CBF3 /* background@2x.png in Resources */ = {isa = PBXBuildFile; fileRef = C565636C196A1F6000F9CBF3 /* background@2x.png */; };
		C5656371196A1F6000F9CBF3 /* button-facebook@2x.png in Resources */ = {isa = PBXBuildFile; fileRef = C565636D196A1F6000F9CBF3 /* button-facebook@2x.png */; };
		C5656372196A1F6000F9CBF3 /* button-google@2x.png in Resources */ = {isa = PBXBuildFile; fileRef = C565636E196A1F6000F9CBF3 /* button-google@2x.png */; };
		C5656373196A1F6000F9CBF3 /* header@2x.png in Resources */ = {isa = PBXBuildFile; fileRef = C565636F196A1F6000F9CBF3 /* header@2x.png */; };
/* End PBXBuildFile section */

/* Begin PBXContainerItemProxy section */
		C5656359196A096800F9CBF3 /* PBXContainerItemProxy */ = {
			isa = PBXContainerItemProxy;
			containerPortal = C565632B196A096800F9CBF3 /* Project object */;
			proxyType = 1;
			remoteGlobalIDString = C5656332196A096800F9CBF3;
			remoteInfo = "Furry Fliers";
		};
/* End PBXContainerItemProxy section */

/* Begin PBXFileReference section */
		C53E1288196A2E01002E5A21 /* Activity_Widget@2x.png */ = {isa = PBXFileReference; lastKnownFileType = image.png; name = "Activity_Widget@2x.png"; path = "Assets/Activity_Widget@2x.png"; sourceTree = "<group>"; };
		C53E1289196A2E01002E5A21 /* alert_icon@2x.png */ = {isa = PBXFileReference; lastKnownFileType = image.png; name = "alert_icon@2x.png"; path = "Assets/alert_icon@2x.png"; sourceTree = "<group>"; };
		C53E128A196A2E01002E5A21 /* Checklist_Widget@2x.png */ = {isa = PBXFileReference; lastKnownFileType = image.png; name = "Checklist_Widget@2x.png"; path = "Assets/Checklist_Widget@2x.png"; sourceTree = "<group>"; };
		C53E128B196A2E01002E5A21 /* cubby_profile@2x.png */ = {isa = PBXFileReference; lastKnownFileType = image.png; name = "cubby_profile@2x.png"; path = "Assets/cubby_profile@2x.png"; sourceTree = "<group>"; };
		C53E128C196A2E01002E5A21 /* Location_Widget@2x.png */ = {isa = PBXFileReference; lastKnownFileType = image.png; name = "Location_Widget@2x.png"; path = "Assets/Location_Widget@2x.png"; sourceTree = "<group>"; };
		C53E128D196A2E01002E5A21 /* menu_icon@2x.png */ = {isa = PBXFileReference; lastKnownFileType = image.png; name = "menu_icon@2x.png"; path = "Assets/menu_icon@2x.png"; sourceTree = "<group>"; };
		C53E128E196A2E01002E5A21 /* Temp_Widget@2x.png */ = {isa = PBXFileReference; lastKnownFileType = image.png; name = "Temp_Widget@2x.png"; path = "Assets/Temp_Widget@2x.png"; sourceTree = "<group>"; };
		C53E128F196A2E01002E5A21 /* Weather_Widget@2x.png */ = {isa = PBXFileReference; lastKnownFileType = image.png; name = "Weather_Widget@2x.png"; path = "Assets/Weather_Widget@2x.png"; sourceTree = "<group>"; };
		C5656333196A096800F9CBF3 /* Furry Fliers.app */ = {isa = PBXFileReference; explicitFileType = wrapper.application; includeInIndex = 0; path = "Furry Fliers.app"; sourceTree = BUILT_PRODUCTS_DIR; };
		C5656336196A096800F9CBF3 /* Foundation.framework */ = {isa = PBXFileReference; lastKnownFileType = wrapper.framework; name = Foundation.framework; path = System/Library/Frameworks/Foundation.framework; sourceTree = SDKROOT; };
		C5656338196A096800F9CBF3 /* CoreGraphics.framework */ = {isa = PBXFileReference; lastKnownFileType = wrapper.framework; name = CoreGraphics.framework; path = System/Library/Frameworks/CoreGraphics.framework; sourceTree = SDKROOT; };
		C565633A196A096800F9CBF3 /* UIKit.framework */ = {isa = PBXFileReference; lastKnownFileType = wrapper.framework; name = UIKit.framework; path = System/Library/Frameworks/UIKit.framework; sourceTree = SDKROOT; };
		C565633E196A096800F9CBF3 /* Furry Fliers-Info.plist */ = {isa = PBXFileReference; lastKnownFileType = text.plist.xml; path = "Furry Fliers-Info.plist"; sourceTree = "<group>"; };
		C5656340196A096800F9CBF3 /* en */ = {isa = PBXFileReference; lastKnownFileType = text.plist.strings; name = en; path = en.lproj/InfoPlist.strings; sourceTree = "<group>"; };
		C5656342196A096800F9CBF3 /* main.m */ = {isa = PBXFileReference; lastKnownFileType = sourcecode.c.objc; path = main.m; sourceTree = "<group>"; };
		C5656344196A096800F9CBF3 /* Furry Fliers-Prefix.pch */ = {isa = PBXFileReference; lastKnownFileType = sourcecode.c.h; path = "Furry Fliers-Prefix.pch"; sourceTree = "<group>"; };
		C5656345196A096800F9CBF3 /* AppDelegate.h */ = {isa = PBXFileReference; lastKnownFileType = sourcecode.c.h; path = AppDelegate.h; sourceTree = "<group>"; };
		C5656346196A096800F9CBF3 /* AppDelegate.m */ = {isa = PBXFileReference; lastKnownFileType = sourcecode.c.objc; path = AppDelegate.m; sourceTree = "<group>"; };
		C5656349196A096800F9CBF3 /* Base */ = {isa = PBXFileReference; lastKnownFileType = file.storyboard; name = Base; path = Base.lproj/Main.storyboard; sourceTree = "<group>"; };
		C565634B196A096800F9CBF3 /* ViewController.h */ = {isa = PBXFileReference; lastKnownFileType = sourcecode.c.h; path = ViewController.h; sourceTree = "<group>"; };
		C565634C196A096800F9CBF3 /* ViewController.m */ = {isa = PBXFileReference; lastKnownFileType = sourcecode.c.objc; path = ViewController.m; sourceTree = "<group>"; };
		C565634E196A096800F9CBF3 /* Images.xcassets */ = {isa = PBXFileReference; lastKnownFileType = folder.assetcatalog; path = Images.xcassets; sourceTree = "<group>"; };
		C5656354196A096800F9CBF3 /* Furry FliersTests.xctest */ = {isa = PBXFileReference; explicitFileType = wrapper.cfbundle; includeInIndex = 0; path = "Furry FliersTests.xctest"; sourceTree = BUILT_PRODUCTS_DIR; };
		C5656355196A096800F9CBF3 /* XCTest.framework */ = {isa = PBXFileReference; lastKnownFileType = wrapper.framework; name = XCTest.framework; path = Library/Frameworks/XCTest.framework; sourceTree = DEVELOPER_DIR; };
		C565635D196A096800F9CBF3 /* Furry FliersTests-Info.plist */ = {isa = PBXFileReference; lastKnownFileType = text.plist.xml; path = "Furry FliersTests-Info.plist"; sourceTree = "<group>"; };
		C565635F196A096800F9CBF3 /* en */ = {isa = PBXFileReference; lastKnownFileType = text.plist.strings; name = en; path = en.lproj/InfoPlist.strings; sourceTree = "<group>"; };
		C5656361196A096800F9CBF3 /* Furry_FliersTests.m */ = {isa = PBXFileReference; lastKnownFileType = sourcecode.c.objc; path = Furry_FliersTests.m; sourceTree = "<group>"; };
		C565636C196A1F6000F9CBF3 /* background@2x.png */ = {isa = PBXFileReference; lastKnownFileType = image.png; name = "background@2x.png"; path = "Assets/background@2x.png"; sourceTree = "<group>"; };
		C565636D196A1F6000F9CBF3 /* button-facebook@2x.png */ = {isa = PBXFileReference; lastKnownFileType = image.png; name = "button-facebook@2x.png"; path = "Assets/button-facebook@2x.png"; sourceTree = "<group>"; };
		C565636E196A1F6000F9CBF3 /* button-google@2x.png */ = {isa = PBXFileReference; lastKnownFileType = image.png; name = "button-google@2x.png"; path = "Assets/button-google@2x.png"; sourceTree = "<group>"; };
		C565636F196A1F6000F9CBF3 /* header@2x.png */ = {isa = PBXFileReference; lastKnownFileType = image.png; name = "header@2x.png"; path = "Assets/header@2x.png"; sourceTree = "<group>"; };
/* End PBXFileReference section */

/* Begin PBXFrameworksBuildPhase section */
		C5656330196A096800F9CBF3 /* Frameworks */ = {
			isa = PBXFrameworksBuildPhase;
			buildActionMask = 2147483647;
			files = (
				C5656339196A096800F9CBF3 /* CoreGraphics.framework in Frameworks */,
				C565633B196A096800F9CBF3 /* UIKit.framework in Frameworks */,
				C5656337196A096800F9CBF3 /* Foundation.framework in Frameworks */,
			);
			runOnlyForDeploymentPostprocessing = 0;
		};
		C5656351196A096800F9CBF3 /* Frameworks */ = {
			isa = PBXFrameworksBuildPhase;
			buildActionMask = 2147483647;
			files = (
				C5656356196A096800F9CBF3 /* XCTest.framework in Frameworks */,
				C5656358196A096800F9CBF3 /* UIKit.framework in Frameworks */,
				C5656357196A096800F9CBF3 /* Foundation.framework in Frameworks */,
			);
			runOnlyForDeploymentPostprocessing = 0;
		};
/* End PBXFrameworksBuildPhase section */

/* Begin PBXGroup section */
		C565632A196A096800F9CBF3 = {
			isa = PBXGroup;
			children = (
				C565633C196A096800F9CBF3 /* Furry Fliers */,
				C565635B196A096800F9CBF3 /* Furry FliersTests */,
				C5656335196A096800F9CBF3 /* Frameworks */,
				C5656334196A096800F9CBF3 /* Products */,
			);
			sourceTree = "<group>";
		};
		C5656334196A096800F9CBF3 /* Products */ = {
			isa = PBXGroup;
			children = (
				C5656333196A096800F9CBF3 /* Furry Fliers.app */,
				C5656354196A096800F9CBF3 /* Furry FliersTests.xctest */,
			);
			name = Products;
			sourceTree = "<group>";
		};
		C5656335196A096800F9CBF3 /* Frameworks */ = {
			isa = PBXGroup;
			children = (
				C5656336196A096800F9CBF3 /* Foundation.framework */,
				C5656338196A096800F9CBF3 /* CoreGraphics.framework */,
				C565633A196A096800F9CBF3 /* UIKit.framework */,
				C5656355196A096800F9CBF3 /* XCTest.framework */,
			);
			name = Frameworks;
			sourceTree = "<group>";
		};
		C565633C196A096800F9CBF3 /* Furry Fliers */ = {
			isa = PBXGroup;
			children = (
				C565636B196A1F4C00F9CBF3 /* Assets */,
				C5656345196A096800F9CBF3 /* AppDelegate.h */,
				C5656346196A096800F9CBF3 /* AppDelegate.m */,
				C5656348196A096800F9CBF3 /* Main.storyboard */,
				C565634B196A096800F9CBF3 /* ViewController.h */,
				C565634C196A096800F9CBF3 /* ViewController.m */,
				C565634E196A096800F9CBF3 /* Images.xcassets */,
				C565633D196A096800F9CBF3 /* Supporting Files */,
			);
			path = "Furry Fliers";
			sourceTree = "<group>";
		};
		C565633D196A096800F9CBF3 /* Supporting Files */ = {
			isa = PBXGroup;
			children = (
				C565633E196A096800F9CBF3 /* Furry Fliers-Info.plist */,
				C565633F196A096800F9CBF3 /* InfoPlist.strings */,
				C5656342196A096800F9CBF3 /* main.m */,
				C5656344196A096800F9CBF3 /* Furry Fliers-Prefix.pch */,
			);
			name = "Supporting Files";
			sourceTree = "<group>";
		};
		C565635B196A096800F9CBF3 /* Furry FliersTests */ = {
			isa = PBXGroup;
			children = (
				C5656361196A096800F9CBF3 /* Furry_FliersTests.m */,
				C565635C196A096800F9CBF3 /* Supporting Files */,
			);
			path = "Furry FliersTests";
			sourceTree = "<group>";
		};
		C565635C196A096800F9CBF3 /* Supporting Files */ = {
			isa = PBXGroup;
			children = (
				C565635D196A096800F9CBF3 /* Furry FliersTests-Info.plist */,
				C565635E196A096800F9CBF3 /* InfoPlist.strings */,
			);
			name = "Supporting Files";
			sourceTree = "<group>";
		};
		C565636B196A1F4C00F9CBF3 /* Assets */ = {
			isa = PBXGroup;
			children = (
				C53E1288196A2E01002E5A21 /* Activity_Widget@2x.png */,
				C53E1289196A2E01002E5A21 /* alert_icon@2x.png */,
				C53E128A196A2E01002E5A21 /* Checklist_Widget@2x.png */,
				C53E128B196A2E01002E5A21 /* cubby_profile@2x.png */,
				C53E128C196A2E01002E5A21 /* Location_Widget@2x.png */,
				C53E128D196A2E01002E5A21 /* menu_icon@2x.png */,
				C53E128E196A2E01002E5A21 /* Temp_Widget@2x.png */,
				C53E128F196A2E01002E5A21 /* Weather_Widget@2x.png */,
				C565636C196A1F6000F9CBF3 /* background@2x.png */,
				C565636D196A1F6000F9CBF3 /* button-facebook@2x.png */,
				C565636E196A1F6000F9CBF3 /* button-google@2x.png */,
				C565636F196A1F6000F9CBF3 /* header@2x.png */,
			);
			name = Assets;
			sourceTree = "<group>";
		};
/* End PBXGroup section */

/* Begin PBXNativeTarget section */
		C5656332196A096800F9CBF3 /* Furry Fliers */ = {
			isa = PBXNativeTarget;
			buildConfigurationList = C5656365196A096800F9CBF3 /* Build configuration list for PBXNativeTarget "Furry Fliers" */;
			buildPhases = (
				C565632F196A096800F9CBF3 /* Sources */,
				C5656330196A096800F9CBF3 /* Frameworks */,
				C5656331196A096800F9CBF3 /* Resources */,
			);
			buildRules = (
			);
			dependencies = (
			);
			name = "Furry Fliers";
			productName = "Furry Fliers";
			productReference = C5656333196A096800F9CBF3 /* Furry Fliers.app */;
			productType = "com.apple.product-type.application";
		};
		C5656353196A096800F9CBF3 /* Furry FliersTests */ = {
			isa = PBXNativeTarget;
			buildConfigurationList = C5656368196A096800F9CBF3 /* Build configuration list for PBXNativeTarget "Furry FliersTests" */;
			buildPhases = (
				C5656350196A096800F9CBF3 /* Sources */,
				C5656351196A096800F9CBF3 /* Frameworks */,
				C5656352196A096800F9CBF3 /* Resources */,
			);
			buildRules = (
			);
			dependencies = (
				C565635A196A096800F9CBF3 /* PBXTargetDependency */,
			);
			name = "Furry FliersTests";
			productName = "Furry FliersTests";
			productReference = C5656354196A096800F9CBF3 /* Furry FliersTests.xctest */;
			productType = "com.apple.product-type.bundle.unit-test";
		};
/* End PBXNativeTarget section */

/* Begin PBXProject section */
		C565632B196A096800F9CBF3 /* Project object */ = {
			isa = PBXProject;
			attributes = {
				LastUpgradeCheck = 0510;
				ORGANIZATIONNAME = "Furry Fliers";
				TargetAttributes = {
					C5656353196A096800F9CBF3 = {
						TestTargetID = C5656332196A096800F9CBF3;
					};
				};
			};
			buildConfigurationList = C565632E196A096800F9CBF3 /* Build configuration list for PBXProject "Furry Fliers" */;
			compatibilityVersion = "Xcode 3.2";
			developmentRegion = English;
			hasScannedForEncodings = 0;
			knownRegions = (
				en,
				Base,
			);
			mainGroup = C565632A196A096800F9CBF3;
			productRefGroup = C5656334196A096800F9CBF3 /* Products */;
			projectDirPath = "";
			projectRoot = "";
			targets = (
				C5656332196A096800F9CBF3 /* Furry Fliers */,
				C5656353196A096800F9CBF3 /* Furry FliersTests */,
			);
		};
/* End PBXProject section */

/* Begin PBXResourcesBuildPhase section */
		C5656331196A096800F9CBF3 /* Resources */ = {
			isa = PBXResourcesBuildPhase;
			buildActionMask = 2147483647;
			files = (
				C565634F196A096800F9CBF3 /* Images.xcassets in Resources */,
				C53E1293196A2E01002E5A21 /* cubby_profile@2x.png in Resources */,
				C53E1292196A2E01002E5A21 /* Checklist_Widget@2x.png in Resources */,
				C5656341196A096800F9CBF3 /* InfoPlist.strings in Resources */,
				C5656371196A1F6000F9CBF3 /* button-facebook@2x.png in Resources */,
				C53E1290196A2E01002E5A21 /* Activity_Widget@2x.png in Resources */,
				C53E1295196A2E01002E5A21 /* menu_icon@2x.png in Resources */,
				C5656372196A1F6000F9CBF3 /* button-google@2x.png in Resources */,
				C53E1297196A2E01002E5A21 /* Weather_Widget@2x.png in Resources */,
				C53E1294196A2E01002E5A21 /* Location_Widget@2x.png in Resources */,
				C5656373196A1F6000F9CBF3 /* header@2x.png in Resources */,
				C53E1296196A2E01002E5A21 /* Temp_Widget@2x.png in Resources */,
				C53E1291196A2E01002E5A21 /* alert_icon@2x.png in Resources */,
				C5656370196A1F6000F9CBF3 /* background@2x.png in Resources */,
				C565634A196A096800F9CBF3 /* Main.storyboard in Resources */,
			);
			runOnlyForDeploymentPostprocessing = 0;
		};
		C5656352196A096800F9CBF3 /* Resources */ = {
			isa = PBXResourcesBuildPhase;
			buildActionMask = 2147483647;
			files = (
				C5656360196A096800F9CBF3 /* InfoPlist.strings in Resources */,
			);
			runOnlyForDeploymentPostprocessing = 0;
		};
/* End PBXResourcesBuildPhase section */

/* Begin PBXSourcesBuildPhase section */
		C565632F196A096800F9CBF3 /* Sources */ = {
			isa = PBXSourcesBuildPhase;
			buildActionMask = 2147483647;
			files = (
				C565634D196A096800F9CBF3 /* ViewController.m in Sources */,
				C5656347196A096800F9CBF3 /* AppDelegate.m in Sources */,
				C5656343196A096800F9CBF3 /* main.m in Sources */,
			);
			runOnlyForDeploymentPostprocessing = 0;
		};
		C5656350196A096800F9CBF3 /* Sources */ = {
			isa = PBXSourcesBuildPhase;
			buildActionMask = 2147483647;
			files = (
				C5656362196A096800F9CBF3 /* Furry_FliersTests.m in Sources */,
			);
			runOnlyForDeploymentPostprocessing = 0;
		};
/* End PBXSourcesBuildPhase section */

/* Begin PBXTargetDependency section */
		C565635A196A096800F9CBF3 /* PBXTargetDependency */ = {
			isa = PBXTargetDependency;
			target = C5656332196A096800F9CBF3 /* Furry Fliers */;
			targetProxy = C5656359196A096800F9CBF3 /* PBXContainerItemProxy */;
		};
/* End PBXTargetDependency section */

/* Begin PBXVariantGroup section */
		C565633F196A096800F9CBF3 /* InfoPlist.strings */ = {
			isa = PBXVariantGroup;
			children = (
				C5656340196A096800F9CBF3 /* en */,
			);
			name = InfoPlist.strings;
			sourceTree = "<group>";
		};
		C5656348196A096800F9CBF3 /* Main.storyboard */ = {
			isa = PBXVariantGroup;
			children = (
				C5656349196A096800F9CBF3 /* Base */,
			);
			name = Main.storyboard;
			sourceTree = "<group>";
		};
		C565635E196A096800F9CBF3 /* InfoPlist.strings */ = {
			isa = PBXVariantGroup;
			children = (
				C565635F196A096800F9CBF3 /* en */,
			);
			name = InfoPlist.strings;
			sourceTree = "<group>";
		};
/* End PBXVariantGroup section */

/* Begin XCBuildConfiguration section */
		C5656363196A096800F9CBF3 /* Debug */ = {
			isa = XCBuildConfiguration;
			buildSettings = {
				ALWAYS_SEARCH_USER_PATHS = NO;
				CLANG_CXX_LANGUAGE_STANDARD = "gnu++0x";
				CLANG_CXX_LIBRARY = "libc++";
				CLANG_ENABLE_MODULES = YES;
				CLANG_ENABLE_OBJC_ARC = YES;
				CLANG_WARN_BOOL_CONVERSION = YES;
				CLANG_WARN_CONSTANT_CONVERSION = YES;
				CLANG_WARN_DIRECT_OBJC_ISA_USAGE = YES_ERROR;
				CLANG_WARN_EMPTY_BODY = YES;
				CLANG_WARN_ENUM_CONVERSION = YES;
				CLANG_WARN_INT_CONVERSION = YES;
				CLANG_WARN_OBJC_ROOT_CLASS = YES_ERROR;
				CLANG_WARN__DUPLICATE_METHOD_MATCH = YES;
				"CODE_SIGN_IDENTITY[sdk=iphoneos*]" = "iPhone Developer";
				COPY_PHASE_STRIP = NO;
				GCC_C_LANGUAGE_STANDARD = gnu99;
				GCC_DYNAMIC_NO_PIC = NO;
				GCC_OPTIMIZATION_LEVEL = 0;
				GCC_PREPROCESSOR_DEFINITIONS = (
					"DEBUG=1",
					"$(inherited)",
				);
				GCC_SYMBOLS_PRIVATE_EXTERN = NO;
				GCC_WARN_64_TO_32_BIT_CONVERSION = YES;
				GCC_WARN_ABOUT_RETURN_TYPE = YES_ERROR;
				GCC_WARN_UNDECLARED_SELECTOR = YES;
				GCC_WARN_UNINITIALIZED_AUTOS = YES_AGGRESSIVE;
				GCC_WARN_UNUSED_FUNCTION = YES;
				GCC_WARN_UNUSED_VARIABLE = YES;
				IPHONEOS_DEPLOYMENT_TARGET = 7.1;
				ONLY_ACTIVE_ARCH = YES;
				SDKROOT = iphoneos;
			};
			name = Debug;
		};
		C5656364196A096800F9CBF3 /* Release */ = {
			isa = XCBuildConfiguration;
			buildSettings = {
				ALWAYS_SEARCH_USER_PATHS = NO;
				CLANG_CXX_LANGUAGE_STANDARD = "gnu++0x";
				CLANG_CXX_LIBRARY = "libc++";
				CLANG_ENABLE_MODULES = YES;
				CLANG_ENABLE_OBJC_ARC = YES;
				CLANG_WARN_BOOL_CONVERSION = YES;
				CLANG_WARN_CONSTANT_CONVERSION = YES;
				CLANG_WARN_DIRECT_OBJC_ISA_USAGE = YES_ERROR;
				CLANG_WARN_EMPTY_BODY = YES;
				CLANG_WARN_ENUM_CONVERSION = YES;
				CLANG_WARN_INT_CONVERSION = YES;
				CLANG_WARN_OBJC_ROOT_CLASS = YES_ERROR;
				CLANG_WARN__DUPLICATE_METHOD_MATCH = YES;
				"CODE_SIGN_IDENTITY[sdk=iphoneos*]" = "iPhone Developer";
				COPY_PHASE_STRIP = YES;
				ENABLE_NS_ASSERTIONS = NO;
				GCC_C_LANGUAGE_STANDARD = gnu99;
				GCC_WARN_64_TO_32_BIT_CONVERSION = YES;
				GCC_WARN_ABOUT_RETURN_TYPE = YES_ERROR;
				GCC_WARN_UNDECLARED_SELECTOR = YES;
				GCC_WARN_UNINITIALIZED_AUTOS = YES_AGGRESSIVE;
				GCC_WARN_UNUSED_FUNCTION = YES;
				GCC_WARN_UNUSED_VARIABLE = YES;
				IPHONEOS_DEPLOYMENT_TARGET = 7.1;
				SDKROOT = iphoneos;
				VALIDATE_PRODUCT = YES;
			};
			name = Release;
		};
		C5656366196A096800F9CBF3 /* Debug */ = {
			isa = XCBuildConfiguration;
			buildSettings = {
				ASSETCATALOG_COMPILER_APPICON_NAME = AppIcon;
				ASSETCATALOG_COMPILER_LAUNCHIMAGE_NAME = LaunchImage;
				CODE_SIGN_IDENTITY = "iPhone Developer: John Torous (7G83K3TE3V)";
				GCC_PRECOMPILE_PREFIX_HEADER = YES;
				GCC_PREFIX_HEADER = "Furry Fliers/Furry Fliers-Prefix.pch";
				INFOPLIST_FILE = "Furry Fliers/Furry Fliers-Info.plist";
				PRODUCT_NAME = "$(TARGET_NAME)";
				WRAPPER_EXTENSION = app;
			};
			name = Debug;
		};
		C5656367196A096800F9CBF3 /* Release */ = {
			isa = XCBuildConfiguration;
			buildSettings = {
				ASSETCATALOG_COMPILER_APPICON_NAME = AppIcon;
				ASSETCATALOG_COMPILER_LAUNCHIMAGE_NAME = LaunchImage;
				CODE_SIGN_IDENTITY = "iPhone Developer: John Torous (7G83K3TE3V)";
				GCC_PRECOMPILE_PREFIX_HEADER = YES;
				GCC_PREFIX_HEADER = "Furry Fliers/Furry Fliers-Prefix.pch";
				INFOPLIST_FILE = "Furry Fliers/Furry Fliers-Info.plist";
				PRODUCT_NAME = "$(TARGET_NAME)";
				WRAPPER_EXTENSION = app;
			};
			name = Release;
		};
		C5656369196A096800F9CBF3 /* Debug */ = {
			isa = XCBuildConfiguration;
			buildSettings = {
				BUNDLE_LOADER = "$(BUILT_PRODUCTS_DIR)/Furry Fliers.app/Furry Fliers";
				FRAMEWORK_SEARCH_PATHS = (
					"$(SDKROOT)/Developer/Library/Frameworks",
					"$(inherited)",
					"$(DEVELOPER_FRAMEWORKS_DIR)",
				);
				GCC_PRECOMPILE_PREFIX_HEADER = YES;
				GCC_PREFIX_HEADER = "Furry Fliers/Furry Fliers-Prefix.pch";
				GCC_PREPROCESSOR_DEFINITIONS = (
					"DEBUG=1",
					"$(inherited)",
				);
				INFOPLIST_FILE = "Furry FliersTests/Furry FliersTests-Info.plist";
				PRODUCT_NAME = "$(TARGET_NAME)";
				TEST_HOST = "$(BUNDLE_LOADER)";
				WRAPPER_EXTENSION = xctest;
			};
			name = Debug;
		};
		C565636A196A096800F9CBF3 /* Release */ = {
			isa = XCBuildConfiguration;
			buildSettings = {
				BUNDLE_LOADER = "$(BUILT_PRODUCTS_DIR)/Furry Fliers.app/Furry Fliers";
				FRAMEWORK_SEARCH_PATHS = (
					"$(SDKROOT)/Developer/Library/Frameworks",
					"$(inherited)",
					"$(DEVELOPER_FRAMEWORKS_DIR)",
				);
				GCC_PRECOMPILE_PREFIX_HEADER = YES;
				GCC_PREFIX_HEADER = "Furry Fliers/Furry Fliers-Prefix.pch";
				INFOPLIST_FILE = "Furry FliersTests/Furry FliersTests-Info.plist";
				PRODUCT_NAME = "$(TARGET_NAME)";
				TEST_HOST = "$(BUNDLE_LOADER)";
				WRAPPER_EXTENSION = xctest;
			};
			name = Release;
		};
/* End XCBuildConfiguration section */

/* Begin XCConfigurationList section */
		C565632E196A096800F9CBF3 /* Build configuration list for PBXProject "Furry Fliers" */ = {
			isa = XCConfigurationList;
			buildConfigurations = (
				C5656363196A096800F9CBF3 /* Debug */,
				C5656364196A096800F9CBF3 /* Release */,
			);
			defaultConfigurationIsVisible = 0;
			defaultConfigurationName = Release;
		};
		C5656365196A096800F9CBF3 /* Build configuration list for PBXNativeTarget "Furry Fliers" */ = {
			isa = XCConfigurationList;
			buildConfigurations = (
				C5656366196A096800F9CBF3 /* Debug */,
				C5656367196A096800F9CBF3 /* Release */,
			);
			defaultConfigurationIsVisible = 0;
			defaultConfigurationName = Release;
		};
		C5656368196A096800F9CBF3 /* Build configuration list for PBXNativeTarget "Furry FliersTests" */ = {
			isa = XCConfigurationList;
			buildConfigurations = (
				C5656369196A096800F9CBF3 /* Debug */,
				C565636A196A096800F9CBF3 /* Release */,
			);
			defaultConfigurationIsVisible = 0;
			defaultConfigurationName = Release;
		};
/* End XCConfigurationList section */
	};
	rootObject = C565632B196A096800F9CBF3 /* Project object */;
}
